
Microsoft Visual Studio Solution File, Format Version 12.00
# Visual Studio Version 17
VisualStudioVersion = 17.4.33213.308
MinimumVisualStudioVersion = 10.0.40219.1
Project("{FAE04EC0-301F-11D3-BF4B-00C04F79EFBC}") = "SanJudasTadeo", "SanJudasTadeo.csproj", "{4CDA2DF0-55DA-4D68-A54E-036D01746EA2}"
EndProject
Global
	GlobalSection(SolutionConfigurationPlatforms) = preSolution
		Debug|Any CPU = Debug|Any CPU
		Release|Any CPU = Release|Any CPU
	EndGlobalSection
	GlobalSection(ProjectConfigurationPlatforms) = postSolution
		{4CDA2DF0-55DA-4D68-A54E-036D01746EA2}.Debug|Any CPU.ActiveCfg = Debug|Any CPU
		{4CDA2DF0-55DA-4D68-A54E-036D01746EA2}.Debug|Any CPU.Build.0 = Debug|Any CPU
		{4CDA2DF0-55DA-4D68-A54E-036D01746EA2}.Release|Any CPU.ActiveCfg = Release|Any CPU
		{4CDA2DF0-55DA-4D68-A54E-036D01746EA2}.Release|Any CPU.Build.0 = Release|Any CPU
	EndGlobalSection
	GlobalSection(SolutionProperties) = preSolution
		HideSolutionNode = FALSE
	EndGlobalSection
	GlobalSection(ExtensibilityGlobals) = postSolution
		SolutionGuid = {5CE17E03-6C5F-4AC8-88BA-DF89B6642AE9}
	EndGlobalSection
EndGlobal
